
Microsoft Visual Studio Solution File, Format Version 12.00
# Visual Studio Version 17
VisualStudioVersion = 17.7.34024.191
MinimumVisualStudioVersion = 10.0.40219.1
Project("{FAE04EC0-301F-11D3-BF4B-00C04F79EFBC}") = "17. Classes and Objects", "17. Classes and Objects.csproj", "{8470A2BE-DE8D-47AD-B455-0B878A594E1B}"
EndProject
Global
	GlobalSection(SolutionConfigurationPlatforms) = preSolution
		Debug|Any CPU = Debug|Any CPU
		Release|Any CPU = Release|Any CPU
	EndGlobalSection
	GlobalSection(ProjectConfigurationPlatforms) = postSolution
		{8470A2BE-DE8D-47AD-B455-0B878A594E1B}.Debug|Any CPU.ActiveCfg = Debug|Any CPU
		{8470A2BE-DE8D-47AD-B455-0B878A594E1B}.Debug|Any CPU.Build.0 = Debug|Any CPU
		{8470A2BE-DE8D-47AD-B455-0B878A594E1B}.Release|Any CPU.ActiveCfg = Release|Any CPU
		{8470A2BE-DE8D-47AD-B455-0B878A594E1B}.Release|Any CPU.Build.0 = Release|Any CPU
	EndGlobalSection
	GlobalSection(SolutionProperties) = preSolution
		HideSolutionNode = FALSE
	EndGlobalSection
	GlobalSection(ExtensibilityGlobals) = postSolution
		SolutionGuid = {52702B84-2C72-4710-B643-3234D915FA12}
	EndGlobalSection
EndGlobal
